Microsoft Visual Studio Solution File, Format Version 12.00
# Visual Studio Version 17
VisualStudioVersion = 17.5.2.0
MinimumVisualStudioVersion = 10.0.40219.1
Project("{FAE04EC0-301F-11D3-BF4B-00C04F79EFBC}") = "MiAppWeb", "MiAppWeb.csproj", "{0E1C3748-A057-9F55-6647-7E8C1ADDAE6B}"
EndProject
Global
	GlobalSection(SolutionConfigurationPlatforms) = preSolution
		Debug|Any CPU = Debug|Any CPU
		Release|Any CPU = Release|Any CPU
	EndGlobalSection
	GlobalSection(ProjectConfigurationPlatforms) = postSolution
		{0E1C3748-A057-9F55-6647-7E8C1ADDAE6B}.Debug|Any CPU.ActiveCfg = Debug|Any CPU
		{0E1C3748-A057-9F55-6647-7E8C1ADDAE6B}.Debug|Any CPU.Build.0 = Debug|Any CPU
		{0E1C3748-A057-9F55-6647-7E8C1ADDAE6B}.Release|Any CPU.ActiveCfg = Release|Any CPU
		{0E1C3748-A057-9F55-6647-7E8C1ADDAE6B}.Release|Any CPU.Build.0 = Release|Any CPU
	EndGlobalSection
	GlobalSection(SolutionProperties) = preSolution
		HideSolutionNode = FALSE
	EndGlobalSection
	GlobalSection(ExtensibilityGlobals) = postSolution
		SolutionGuid = {6F417B45-4AE0-4F4F-9539-20935DCE9794}
	EndGlobalSection
EndGlobal
